
Microsoft Visual Studio Solution File, Format Version 12.00
<<<<<<< HEAD
# Visual Studio Version 17
VisualStudioVersion = 17.4.33205.214
MinimumVisualStudioVersion = 10.0.40219.1
Project("{9A19103F-16F7-4668-BE54-9A1E7A4F7556}") = "MCBA-Web", "MCBA-Web.csproj", "{D9BDE993-5467-46FC-A337-33D6B311ADD4}"
=======
# Visual Studio Version 16
VisualStudioVersion = 25.0.1704.2
MinimumVisualStudioVersion = 10.0.40219.1
Project("{FAE04EC0-301F-11D3-BF4B-00C04F79EFBC}") = "MCBA-Web", "MCBA-Web.csproj", "{D9BDE993-5467-46FC-A337-33D6B311ADD4}"
>>>>>>> cec422787a2d46ab742aa3b8a1259b9a59d104a6
EndProject
Global
	GlobalSection(SolutionConfigurationPlatforms) = preSolution
		Debug|Any CPU = Debug|Any CPU
		Release|Any CPU = Release|Any CPU
	EndGlobalSection
	GlobalSection(ProjectConfigurationPlatforms) = postSolution
		{D9BDE993-5467-46FC-A337-33D6B311ADD4}.Debug|Any CPU.ActiveCfg = Debug|Any CPU
		{D9BDE993-5467-46FC-A337-33D6B311ADD4}.Debug|Any CPU.Build.0 = Debug|Any CPU
		{D9BDE993-5467-46FC-A337-33D6B311ADD4}.Release|Any CPU.ActiveCfg = Release|Any CPU
		{D9BDE993-5467-46FC-A337-33D6B311ADD4}.Release|Any CPU.Build.0 = Release|Any CPU
	EndGlobalSection
	GlobalSection(SolutionProperties) = preSolution
		HideSolutionNode = FALSE
	EndGlobalSection
	GlobalSection(ExtensibilityGlobals) = postSolution
		SolutionGuid = {3FD57ADE-225B-4B9D-BF01-C2C807778A7D}
	EndGlobalSection
EndGlobal
